<?xml version="1.0" encoding="utf-8"?>
<Project ToolsVersion="4.0" xmlns="http://schemas.microsoft.com/developer/msbuild/2003">
  <ItemGroup>
    <Filter Include="Source Files">
      <UniqueIdentifier>{9d520f32-0b49-45cb-9dc9-82e788cb2fae}</UniqueIdentifier>
      <Extensions>cpp;c;cxx;rc;def;r;odl;idl;hpj;bat</Extensions>
    </Filter>
    <Filter Include="Source Files\VPinMAME">
      <UniqueIdentifier>{50affb23-3d8e-4dd3-9fd8-bd0f7ca8d7d5}</UniqueIdentifier>
    </Filter>
    <Filter Include="Header Files">
      <UniqueIdentifier>{61722bc7-c70c-4e71-b46c-24e2996ee7c6}</UniqueIdentifier>
      <Extensions>h;hpp;hxx;hm;inl</Extensions>
    </Filter>
    <Filter Include="Resource Files">
      <UniqueIdentifier>{454b947d-a97f-4998-9435-d90e0d0ad494}</UniqueIdentifier>
      <Extensions>ico;cur;bmp;dlg;rc2;rct;bin;rgs;gif;jpg;jpeg;jpe</Extensions>
    </Filter>
  </ItemGroup>
  <ItemGroup>
    <ClCompile Include="src\instvpm\Globals.cpp">
      <Filter>Source Files</Filter>
    </ClCompile>
    <ClCompile Include="src\instvpm\InstallVPinMAME.cpp">
      <Filter>Source Files</Filter>
    </ClCompile>
    <ClCompile Include="src\instvpm\TestVPinMAME.cpp">
      <Filter>Source Files</Filter>
    </ClCompile>
    <ClCompile Include="src\instvpm\Utils.cpp">
      <Filter>Source Files</Filter>
    </ClCompile>
  </ItemGroup>
  <ItemGroup>
    <ResourceCompile Include="src\instvpm\InstallVPinMAME.rc">
      <Filter>Source Files</Filter>
    </ResourceCompile>
  </ItemGroup>
  <ItemGroup>
    <Midl Include="src\win32com\VPinMAME.idl">
      <Filter>Source Files\VPinMAME</Filter>
    </Midl>
  </ItemGroup>
  <ItemGroup>
    <ClInclude Include="src\instvpm\Globals.h">
      <Filter>Header Files</Filter>
    </ClInclude>
    <ClInclude Include="src\instvpm\resource.h">
      <Filter>Header Files</Filter>
    </ClInclude>
    <ClInclude Include="src\instvpm\TestVPinMAME.h">
      <Filter>Header Files</Filter>
    </ClInclude>
    <ClInclude Include="src\instvpm\Utils.h">
      <Filter>Header Files</Filter>
    </ClInclude>
  </ItemGroup>
  <ItemGroup>
    <Image Include="src\instvpm\Res\InstallVPinMAME.ICO">
      <Filter>Resource Files</Filter>
    </Image>
  </ItemGroup>
</Project>